
Microsoft Visual Studio Solution File, Format Version 12.00
# Visual Studio Version 17
VisualStudioVersion = 17.3.32825.248
MinimumVisualStudioVersion = 10.0.40219.1
Project("{9A19103F-16F7-4668-BE54-9A1E7A4F7556}") = "Producer", "Producer\Producer.csproj", "{4703584C-BBBD-46BE-898E-7A60DC1BFFC2}"
EndProject
Project("{9A19103F-16F7-4668-BE54-9A1E7A4F7556}") = "Consumer", "Consumer\Consumer.csproj", "{5667A301-95D0-456A-813B-1BD3348F4B20}"
EndProject
Project("{2150E333-8FDC-42A3-9474-1A3956D46DE8}") = "Microservices", "Microservices", "{3D7380B3-8F49-4497-9F9F-5B31FE30244A}"
EndProject
Project("{2150E333-8FDC-42A3-9474-1A3956D46DE8}") = "Domain", "Domain", "{DD7490A6-8B37-40AC-93D3-0B9E62B11CB0}"
EndProject
Project("{2150E333-8FDC-42A3-9474-1A3956D46DE8}") = "InfraIoC", "InfraIoC", "{AE902834-26EB-475C-AAD3-0D9B21B11B52}"
EndProject
Project("{2150E333-8FDC-42A3-9474-1A3956D46DE8}") = "InfraBus", "InfraBus", "{D30280D0-3446-403F-9B30-0D1C4C10718D}"
EndProject
Project("{2150E333-8FDC-42A3-9474-1A3956D46DE8}") = "Presentation", "Presentation", "{C20C3DD9-A2C0-478C-B5C1-51390FCA3BAB}"
EndProject
Project("{9A19103F-16F7-4668-BE54-9A1E7A4F7556}") = "MicroRabbit.Domain.Core", "MicroRabbit.Domain.Core\MicroRabbit.Domain.Core.csproj", "{17847A48-DD2A-4E54-87F8-0D67AE6617D6}"
EndProject
Project("{9A19103F-16F7-4668-BE54-9A1E7A4F7556}") = "MicroRabbit.Inra.Bus", "MicroRabbit.Inra.Bus\MicroRabbit.Inra.Bus.csproj", "{E03AA841-74B3-4FED-9939-C39B6D9E807F}"
EndProject
Project("{9A19103F-16F7-4668-BE54-9A1E7A4F7556}") = "MicroRabbit.Infra.IoC", "MicroRabbit.Infra.IoC\MicroRabbit.Infra.IoC.csproj", "{6EA4153A-2597-4029-B64A-68D00B75C882}"
EndProject
Project("{2150E333-8FDC-42A3-9474-1A3956D46DE8}") = "Banking", "Banking", "{5BDF2A4E-8449-4480-A7A5-4E4C78C51ABE}"
EndProject
Project("{2150E333-8FDC-42A3-9474-1A3956D46DE8}") = "Api", "Api", "{3FC532CC-AB52-4CA6-9F24-9541B0AB79AB}"
EndProject
Project("{2150E333-8FDC-42A3-9474-1A3956D46DE8}") = "Application", "Application", "{BFD9D011-37AE-4DF4-ACA2-C73FE719FC34}"
EndProject
Project("{2150E333-8FDC-42A3-9474-1A3956D46DE8}") = "Data", "Data", "{959D8A93-0A4F-4D7B-9189-061C71CEED0D}"
EndProject
Project("{2150E333-8FDC-42A3-9474-1A3956D46DE8}") = "Domain", "Domain", "{70255192-6038-48FB-B2AF-094A0FBB57BA}"
EndProject
Project("{9A19103F-16F7-4668-BE54-9A1E7A4F7556}") = "MicroRabbit.Banking.Application", "MicroRabbit.Banking.Application\MicroRabbit.Banking.Application.csproj", "{4B4A48CE-29F3-4E4F-A6B7-24C910FA2DF1}"
EndProject
Project("{9A19103F-16F7-4668-BE54-9A1E7A4F7556}") = "Rabbit.Banking.Data", "Rabbit.Banking.Data\Rabbit.Banking.Data.csproj", "{5E25C644-60D0-4FCB-AB28-6FC5A3152852}"
EndProject
Project("{9A19103F-16F7-4668-BE54-9A1E7A4F7556}") = "MicroRabbit.Banking.Domain", "MicroRabbit.Banking.Domain\MicroRabbit.Banking.Domain.csproj", "{4C0657F5-C39A-4441-8F31-0E63DD82A9F3}"
EndProject
Project("{9A19103F-16F7-4668-BE54-9A1E7A4F7556}") = "BankApi", "BankApi\BankApi.csproj", "{EDC5C835-93D6-4171-B661-CF0ACCE3703E}"
EndProject
Project("{2150E333-8FDC-42A3-9474-1A3956D46DE8}") = "Transfer", "Transfer", "{EE8228CC-3951-4ABF-8094-6F7A20470A32}"
EndProject
Project("{2150E333-8FDC-42A3-9474-1A3956D46DE8}") = "Api", "Api", "{340EEC03-6070-4294-A512-872204EE9230}"
EndProject
Project("{2150E333-8FDC-42A3-9474-1A3956D46DE8}") = "Application", "Application", "{18E2D653-BD4D-4882-967F-52B82785568A}"
EndProject
Project("{2150E333-8FDC-42A3-9474-1A3956D46DE8}") = "Data", "Data", "{D527A902-689E-4590-B209-CAB47EA3300C}"
EndProject
Project("{2150E333-8FDC-42A3-9474-1A3956D46DE8}") = "Domain", "Domain", "{7F151D5E-DBA2-4A1D-BDAE-FA4369D8EAAC}"
EndProject
Project("{9A19103F-16F7-4668-BE54-9A1E7A4F7556}") = "TransferApi", "TransferApi\TransferApi.csproj", "{447D0ADE-8980-4784-A61E-B25FC3CEB8C4}"
EndProject
Project("{9A19103F-16F7-4668-BE54-9A1E7A4F7556}") = "MicroRabbit.Transfer.Application", "MicroRabbit.Transfer.Application\MicroRabbit.Transfer.Application.csproj", "{FC96BEC6-E708-4FFD-8FF6-F7587281CAEE}"
EndProject
Project("{9A19103F-16F7-4668-BE54-9A1E7A4F7556}") = "MicroRabbit.Transfer.Data", "MicroRabbit.Transfer.Data\MicroRabbit.Transfer.Data.csproj", "{4887E558-CBF8-4FD4-90B6-AE654049AE8B}"
EndProject
Project("{9A19103F-16F7-4668-BE54-9A1E7A4F7556}") = "MicroRabbit.Transfer.Domain", "MicroRabbit.Transfer.Domain\MicroRabbit.Transfer.Domain.csproj", "{A761525B-D73E-4C22-A166-4B75BAEBC12C}"
EndProject
Global
	GlobalSection(SolutionConfigurationPlatforms) = preSolution
		Debug|Any CPU = Debug|Any CPU
		Release|Any CPU = Release|Any CPU
	EndGlobalSection
	GlobalSection(ProjectConfigurationPlatforms) = postSolution
		{4703584C-BBBD-46BE-898E-7A60DC1BFFC2}.Debug|Any CPU.ActiveCfg = Debug|Any CPU
		{4703584C-BBBD-46BE-898E-7A60DC1BFFC2}.Debug|Any CPU.Build.0 = Debug|Any CPU
		{4703584C-BBBD-46BE-898E-7A60DC1BFFC2}.Release|Any CPU.ActiveCfg = Release|Any CPU
		{4703584C-BBBD-46BE-898E-7A60DC1BFFC2}.Release|Any CPU.Build.0 = Release|Any CPU
		{5667A301-95D0-456A-813B-1BD3348F4B20}.Debug|Any CPU.ActiveCfg = Debug|Any CPU
		{5667A301-95D0-456A-813B-1BD3348F4B20}.Debug|Any CPU.Build.0 = Debug|Any CPU
		{5667A301-95D0-456A-813B-1BD3348F4B20}.Release|Any CPU.ActiveCfg = Release|Any CPU
		{5667A301-95D0-456A-813B-1BD3348F4B20}.Release|Any CPU.Build.0 = Release|Any CPU
		{17847A48-DD2A-4E54-87F8-0D67AE6617D6}.Debug|Any CPU.ActiveCfg = Debug|Any CPU
		{17847A48-DD2A-4E54-87F8-0D67AE6617D6}.Debug|Any CPU.Build.0 = Debug|Any CPU
		{17847A48-DD2A-4E54-87F8-0D67AE6617D6}.Release|Any CPU.ActiveCfg = Release|Any CPU
		{17847A48-DD2A-4E54-87F8-0D67AE6617D6}.Release|Any CPU.Build.0 = Release|Any CPU
		{E03AA841-74B3-4FED-9939-C39B6D9E807F}.Debug|Any CPU.ActiveCfg = Debug|Any CPU
		{E03AA841-74B3-4FED-9939-C39B6D9E807F}.Debug|Any CPU.Build.0 = Debug|Any CPU
		{E03AA841-74B3-4FED-9939-C39B6D9E807F}.Release|Any CPU.ActiveCfg = Release|Any CPU
		{E03AA841-74B3-4FED-9939-C39B6D9E807F}.Release|Any CPU.Build.0 = Release|Any CPU
		{6EA4153A-2597-4029-B64A-68D00B75C882}.Debug|Any CPU.ActiveCfg = Debug|Any CPU
		{6EA4153A-2597-4029-B64A-68D00B75C882}.Debug|Any CPU.Build.0 = Debug|Any CPU
		{6EA4153A-2597-4029-B64A-68D00B75C882}.Release|Any CPU.ActiveCfg = Release|Any CPU
		{6EA4153A-2597-4029-B64A-68D00B75C882}.Release|Any CPU.Build.0 = Release|Any CPU
		{4B4A48CE-29F3-4E4F-A6B7-24C910FA2DF1}.Debug|Any CPU.ActiveCfg = Debug|Any CPU
		{4B4A48CE-29F3-4E4F-A6B7-24C910FA2DF1}.Debug|Any CPU.Build.0 = Debug|Any CPU
		{4B4A48CE-29F3-4E4F-A6B7-24C910FA2DF1}.Release|Any CPU.ActiveCfg = Release|Any CPU
		{4B4A48CE-29F3-4E4F-A6B7-24C910FA2DF1}.Release|Any CPU.Build.0 = Release|Any CPU
		{5E25C644-60D0-4FCB-AB28-6FC5A3152852}.Debug|Any CPU.ActiveCfg = Debug|Any CPU
		{5E25C644-60D0-4FCB-AB28-6FC5A3152852}.Debug|Any CPU.Build.0 = Debug|Any CPU
		{5E25C644-60D0-4FCB-AB28-6FC5A3152852}.Release|Any CPU.ActiveCfg = Release|Any CPU
		{5E25C644-60D0-4FCB-AB28-6FC5A3152852}.Release|Any CPU.Build.0 = Release|Any CPU
		{4C0657F5-C39A-4441-8F31-0E63DD82A9F3}.Debug|Any CPU.ActiveCfg = Debug|Any CPU
		{4C0657F5-C39A-4441-8F31-0E63DD82A9F3}.Debug|Any CPU.Build.0 = Debug|Any CPU
		{4C0657F5-C39A-4441-8F31-0E63DD82A9F3}.Release|Any CPU.ActiveCfg = Release|Any CPU
		{4C0657F5-C39A-4441-8F31-0E63DD82A9F3}.Release|Any CPU.Build.0 = Release|Any CPU
		{EDC5C835-93D6-4171-B661-CF0ACCE3703E}.Debug|Any CPU.ActiveCfg = Debug|Any CPU
		{EDC5C835-93D6-4171-B661-CF0ACCE3703E}.Debug|Any CPU.Build.0 = Debug|Any CPU
		{EDC5C835-93D6-4171-B661-CF0ACCE3703E}.Release|Any CPU.ActiveCfg = Release|Any CPU
		{EDC5C835-93D6-4171-B661-CF0ACCE3703E}.Release|Any CPU.Build.0 = Release|Any CPU
		{447D0ADE-8980-4784-A61E-B25FC3CEB8C4}.Debug|Any CPU.ActiveCfg = Debug|Any CPU
		{447D0ADE-8980-4784-A61E-B25FC3CEB8C4}.Debug|Any CPU.Build.0 = Debug|Any CPU
		{447D0ADE-8980-4784-A61E-B25FC3CEB8C4}.Release|Any CPU.ActiveCfg = Release|Any CPU
		{447D0ADE-8980-4784-A61E-B25FC3CEB8C4}.Release|Any CPU.Build.0 = Release|Any CPU
		{FC96BEC6-E708-4FFD-8FF6-F7587281CAEE}.Debug|Any CPU.ActiveCfg = Debug|Any CPU
		{FC96BEC6-E708-4FFD-8FF6-F7587281CAEE}.Debug|Any CPU.Build.0 = Debug|Any CPU
		{FC96BEC6-E708-4FFD-8FF6-F7587281CAEE}.Release|Any CPU.ActiveCfg = Release|Any CPU
		{FC96BEC6-E708-4FFD-8FF6-F7587281CAEE}.Release|Any CPU.Build.0 = Release|Any CPU
		{4887E558-CBF8-4FD4-90B6-AE654049AE8B}.Debug|Any CPU.ActiveCfg = Debug|Any CPU
		{4887E558-CBF8-4FD4-90B6-AE654049AE8B}.Debug|Any CPU.Build.0 = Debug|Any CPU
		{4887E558-CBF8-4FD4-90B6-AE654049AE8B}.Release|Any CPU.ActiveCfg = Release|Any CPU
		{4887E558-CBF8-4FD4-90B6-AE654049AE8B}.Release|Any CPU.Build.0 = Release|Any CPU
		{A761525B-D73E-4C22-A166-4B75BAEBC12C}.Debug|Any CPU.ActiveCfg = Debug|Any CPU
		{A761525B-D73E-4C22-A166-4B75BAEBC12C}.Debug|Any CPU.Build.0 = Debug|Any CPU
		{A761525B-D73E-4C22-A166-4B75BAEBC12C}.Release|Any CPU.ActiveCfg = Release|Any CPU
		{A761525B-D73E-4C22-A166-4B75BAEBC12C}.Release|Any CPU.Build.0 = Release|Any CPU
	EndGlobalSection
	GlobalSection(SolutionProperties) = preSolution
		HideSolutionNode = FALSE
	EndGlobalSection
	GlobalSection(NestedProjects) = preSolution
		{17847A48-DD2A-4E54-87F8-0D67AE6617D6} = {DD7490A6-8B37-40AC-93D3-0B9E62B11CB0}
		{E03AA841-74B3-4FED-9939-C39B6D9E807F} = {D30280D0-3446-403F-9B30-0D1C4C10718D}
		{6EA4153A-2597-4029-B64A-68D00B75C882} = {AE902834-26EB-475C-AAD3-0D9B21B11B52}
		{5BDF2A4E-8449-4480-A7A5-4E4C78C51ABE} = {3D7380B3-8F49-4497-9F9F-5B31FE30244A}
		{3FC532CC-AB52-4CA6-9F24-9541B0AB79AB} = {5BDF2A4E-8449-4480-A7A5-4E4C78C51ABE}
		{BFD9D011-37AE-4DF4-ACA2-C73FE719FC34} = {5BDF2A4E-8449-4480-A7A5-4E4C78C51ABE}
		{959D8A93-0A4F-4D7B-9189-061C71CEED0D} = {5BDF2A4E-8449-4480-A7A5-4E4C78C51ABE}
		{70255192-6038-48FB-B2AF-094A0FBB57BA} = {5BDF2A4E-8449-4480-A7A5-4E4C78C51ABE}
		{4B4A48CE-29F3-4E4F-A6B7-24C910FA2DF1} = {BFD9D011-37AE-4DF4-ACA2-C73FE719FC34}
		{5E25C644-60D0-4FCB-AB28-6FC5A3152852} = {959D8A93-0A4F-4D7B-9189-061C71CEED0D}
		{4C0657F5-C39A-4441-8F31-0E63DD82A9F3} = {70255192-6038-48FB-B2AF-094A0FBB57BA}
		{EDC5C835-93D6-4171-B661-CF0ACCE3703E} = {3FC532CC-AB52-4CA6-9F24-9541B0AB79AB}
		{EE8228CC-3951-4ABF-8094-6F7A20470A32} = {3D7380B3-8F49-4497-9F9F-5B31FE30244A}
		{340EEC03-6070-4294-A512-872204EE9230} = {EE8228CC-3951-4ABF-8094-6F7A20470A32}
		{18E2D653-BD4D-4882-967F-52B82785568A} = {EE8228CC-3951-4ABF-8094-6F7A20470A32}
		{D527A902-689E-4590-B209-CAB47EA3300C} = {EE8228CC-3951-4ABF-8094-6F7A20470A32}
		{7F151D5E-DBA2-4A1D-BDAE-FA4369D8EAAC} = {EE8228CC-3951-4ABF-8094-6F7A20470A32}
		{447D0ADE-8980-4784-A61E-B25FC3CEB8C4} = {340EEC03-6070-4294-A512-872204EE9230}
		{FC96BEC6-E708-4FFD-8FF6-F7587281CAEE} = {18E2D653-BD4D-4882-967F-52B82785568A}
		{4887E558-CBF8-4FD4-90B6-AE654049AE8B} = {D527A902-689E-4590-B209-CAB47EA3300C}
		{A761525B-D73E-4C22-A166-4B75BAEBC12C} = {7F151D5E-DBA2-4A1D-BDAE-FA4369D8EAAC}
	EndGlobalSection
	GlobalSection(ExtensibilityGlobals) = postSolution
		SolutionGuid = {AD39F065-8325-4D5E-8269-B952AC68E5A8}
	EndGlobalSection
EndGlobal
